
Microsoft Visual Studio Solution File, Format Version 12.00
# Visual Studio 15
VisualStudioVersion = 15.0.28307.572
MinimumVisualStudioVersion = 10.0.40219.1
Project("{FAE04EC0-301F-11D3-BF4B-00C04F79EFBC}") = "WpfApp1", "WpfApp1\WpfApp1.csproj", "{AF301FD2-D01C-4BE8-888D-ED247EBD3D14}"
EndProject
Project("{FAE04EC0-301F-11D3-BF4B-00C04F79EFBC}") = "WpfApp2", "WpfApp2\WpfApp2.csproj", "{C977713D-9D5D-483B-845F-5199BC59D1DA}"
EndProject
Project("{FAE04EC0-301F-11D3-BF4B-00C04F79EFBC}") = "01_Grid", "01_Grid\01_Grid.csproj", "{A11375E3-793B-442C-9398-5C21C506255F}"
EndProject
Project("{FAE04EC0-301F-11D3-BF4B-00C04F79EFBC}") = "07_IncCanves", "07_IncCanves\07_IncCanves.csproj", "{C1928623-4A36-463F-A3D1-6055E5C4A293}"
EndProject
Project("{FAE04EC0-301F-11D3-BF4B-00C04F79EFBC}") = "WpfApp3", "WpfApp3\WpfApp3.csproj", "{05E609C5-B285-4286-B99D-BBBFC1A6CF92}"
EndProject
Project("{9A19103F-16F7-4668-BE54-9A1E7A4F7556}") = "ConsoleApp1", "ConsoleApp1\ConsoleApp1.csproj", "{DE813CEB-9CAD-4ED1-A922-6707F2E5A96D}"
EndProject
Project("{FAE04EC0-301F-11D3-BF4B-00C04F79EFBC}") = "WpfApp4", "WpfApp4\WpfApp4.csproj", "{218B6AE3-C3CF-4F42-A3C4-426E5D621D64}"
EndProject
Project("{54435603-DBB4-11D2-8724-00A0C9A8B90C}") = "Setup3", "Setup3\Setup3.vdproj", "{CCF192E1-AFD4-4F90-9291-B6D34D051196}"
EndProject
Global
	GlobalSection(SolutionConfigurationPlatforms) = preSolution
		Debug|Any CPU = Debug|Any CPU
		Debug|ARM = Debug|ARM
		Debug|ARM64 = Debug|ARM64
		Debug|x64 = Debug|x64
		Debug|x86 = Debug|x86
		Release|Any CPU = Release|Any CPU
		Release|ARM = Release|ARM
		Release|ARM64 = Release|ARM64
		Release|x64 = Release|x64
		Release|x86 = Release|x86
	EndGlobalSection
	GlobalSection(ProjectConfigurationPlatforms) = postSolution
		{AF301FD2-D01C-4BE8-888D-ED247EBD3D14}.Debug|Any CPU.ActiveCfg = Debug|Any CPU
		{AF301FD2-D01C-4BE8-888D-ED247EBD3D14}.Debug|Any CPU.Build.0 = Debug|Any CPU
		{AF301FD2-D01C-4BE8-888D-ED247EBD3D14}.Debug|ARM.ActiveCfg = Debug|Any CPU
		{AF301FD2-D01C-4BE8-888D-ED247EBD3D14}.Debug|ARM.Build.0 = Debug|Any CPU
		{AF301FD2-D01C-4BE8-888D-ED247EBD3D14}.Debug|ARM64.ActiveCfg = Debug|Any CPU
		{AF301FD2-D01C-4BE8-888D-ED247EBD3D14}.Debug|ARM64.Build.0 = Debug|Any CPU
		{AF301FD2-D01C-4BE8-888D-ED247EBD3D14}.Debug|x64.ActiveCfg = Debug|Any CPU
		{AF301FD2-D01C-4BE8-888D-ED247EBD3D14}.Debug|x64.Build.0 = Debug|Any CPU
		{AF301FD2-D01C-4BE8-888D-ED247EBD3D14}.Debug|x86.ActiveCfg = Debug|Any CPU
		{AF301FD2-D01C-4BE8-888D-ED247EBD3D14}.Debug|x86.Build.0 = Debug|Any CPU
		{AF301FD2-D01C-4BE8-888D-ED247EBD3D14}.Release|Any CPU.ActiveCfg = Release|Any CPU
		{AF301FD2-D01C-4BE8-888D-ED247EBD3D14}.Release|Any CPU.Build.0 = Release|Any CPU
		{AF301FD2-D01C-4BE8-888D-ED247EBD3D14}.Release|ARM.ActiveCfg = Release|Any CPU
		{AF301FD2-D01C-4BE8-888D-ED247EBD3D14}.Release|ARM.Build.0 = Release|Any CPU
		{AF301FD2-D01C-4BE8-888D-ED247EBD3D14}.Release|ARM64.ActiveCfg = Release|Any CPU
		{AF301FD2-D01C-4BE8-888D-ED247EBD3D14}.Release|ARM64.Build.0 = Release|Any CPU
		{AF301FD2-D01C-4BE8-888D-ED247EBD3D14}.Release|x64.ActiveCfg = Release|Any CPU
		{AF301FD2-D01C-4BE8-888D-ED247EBD3D14}.Release|x64.Build.0 = Release|Any CPU
		{AF301FD2-D01C-4BE8-888D-ED247EBD3D14}.Release|x86.ActiveCfg = Release|Any CPU
		{AF301FD2-D01C-4BE8-888D-ED247EBD3D14}.Release|x86.Build.0 = Release|Any CPU
		{C977713D-9D5D-483B-845F-5199BC59D1DA}.Debug|Any CPU.ActiveCfg = Debug|Any CPU
		{C977713D-9D5D-483B-845F-5199BC59D1DA}.Debug|Any CPU.Build.0 = Debug|Any CPU
		{C977713D-9D5D-483B-845F-5199BC59D1DA}.Debug|ARM.ActiveCfg = Debug|Any CPU
		{C977713D-9D5D-483B-845F-5199BC59D1DA}.Debug|ARM.Build.0 = Debug|Any CPU
		{C977713D-9D5D-483B-845F-5199BC59D1DA}.Debug|ARM64.ActiveCfg = Debug|Any CPU
		{C977713D-9D5D-483B-845F-5199BC59D1DA}.Debug|ARM64.Build.0 = Debug|Any CPU
		{C977713D-9D5D-483B-845F-5199BC59D1DA}.Debug|x64.ActiveCfg = Debug|Any CPU
		{C977713D-9D5D-483B-845F-5199BC59D1DA}.Debug|x64.Build.0 = Debug|Any CPU
		{C977713D-9D5D-483B-845F-5199BC59D1DA}.Debug|x86.ActiveCfg = Debug|Any CPU
		{C977713D-9D5D-483B-845F-5199BC59D1DA}.Debug|x86.Build.0 = Debug|Any CPU
		{C977713D-9D5D-483B-845F-5199BC59D1DA}.Release|Any CPU.ActiveCfg = Release|Any CPU
		{C977713D-9D5D-483B-845F-5199BC59D1DA}.Release|Any CPU.Build.0 = Release|Any CPU
		{C977713D-9D5D-483B-845F-5199BC59D1DA}.Release|ARM.ActiveCfg = Release|Any CPU
		{C977713D-9D5D-483B-845F-5199BC59D1DA}.Release|ARM.Build.0 = Release|Any CPU
		{C977713D-9D5D-483B-845F-5199BC59D1DA}.Release|ARM64.ActiveCfg = Release|Any CPU
		{C977713D-9D5D-483B-845F-5199BC59D1DA}.Release|ARM64.Build.0 = Release|Any CPU
		{C977713D-9D5D-483B-845F-5199BC59D1DA}.Release|x64.ActiveCfg = Release|Any CPU
		{C977713D-9D5D-483B-845F-5199BC59D1DA}.Release|x64.Build.0 = Release|Any CPU
		{C977713D-9D5D-483B-845F-5199BC59D1DA}.Release|x86.ActiveCfg = Release|Any CPU
		{C977713D-9D5D-483B-845F-5199BC59D1DA}.Release|x86.Build.0 = Release|Any CPU
		{A11375E3-793B-442C-9398-5C21C506255F}.Debug|Any CPU.ActiveCfg = Debug|Any CPU
		{A11375E3-793B-442C-9398-5C21C506255F}.Debug|Any CPU.Build.0 = Debug|Any CPU
		{A11375E3-793B-442C-9398-5C21C506255F}.Debug|ARM.ActiveCfg = Debug|Any CPU
		{A11375E3-793B-442C-9398-5C21C506255F}.Debug|ARM.Build.0 = Debug|Any CPU
		{A11375E3-793B-442C-9398-5C21C506255F}.Debug|ARM64.ActiveCfg = Debug|Any CPU
		{A11375E3-793B-442C-9398-5C21C506255F}.Debug|ARM64.Build.0 = Debug|Any CPU
		{A11375E3-793B-442C-9398-5C21C506255F}.Debug|x64.ActiveCfg = Debug|Any CPU
		{A11375E3-793B-442C-9398-5C21C506255F}.Debug|x64.Build.0 = Debug|Any CPU
		{A11375E3-793B-442C-9398-5C21C506255F}.Debug|x86.ActiveCfg = Debug|Any CPU
		{A11375E3-793B-442C-9398-5C21C506255F}.Debug|x86.Build.0 = Debug|Any CPU
		{A11375E3-793B-442C-9398-5C21C506255F}.Release|Any CPU.ActiveCfg = Release|Any CPU
		{A11375E3-793B-442C-9398-5C21C506255F}.Release|Any CPU.Build.0 = Release|Any CPU
		{A11375E3-793B-442C-9398-5C21C506255F}.Release|ARM.ActiveCfg = Release|Any CPU
		{A11375E3-793B-442C-9398-5C21C506255F}.Release|ARM.Build.0 = Release|Any CPU
		{A11375E3-793B-442C-9398-5C21C506255F}.Release|ARM64.ActiveCfg = Release|Any CPU
		{A11375E3-793B-442C-9398-5C21C506255F}.Release|ARM64.Build.0 = Release|Any CPU
		{A11375E3-793B-442C-9398-5C21C506255F}.Release|x64.ActiveCfg = Release|Any CPU
		{A11375E3-793B-442C-9398-5C21C506255F}.Release|x64.Build.0 = Release|Any CPU
		{A11375E3-793B-442C-9398-5C21C506255F}.Release|x86.ActiveCfg = Release|Any CPU
		{A11375E3-793B-442C-9398-5C21C506255F}.Release|x86.Build.0 = Release|Any CPU
		{C1928623-4A36-463F-A3D1-6055E5C4A293}.Debug|Any CPU.ActiveCfg = Debug|Any CPU
		{C1928623-4A36-463F-A3D1-6055E5C4A293}.Debug|Any CPU.Build.0 = Debug|Any CPU
		{C1928623-4A36-463F-A3D1-6055E5C4A293}.Debug|ARM.ActiveCfg = Debug|Any CPU
		{C1928623-4A36-463F-A3D1-6055E5C4A293}.Debug|ARM.Build.0 = Debug|Any CPU
		{C1928623-4A36-463F-A3D1-6055E5C4A293}.Debug|ARM64.ActiveCfg = Debug|Any CPU
		{C1928623-4A36-463F-A3D1-6055E5C4A293}.Debug|ARM64.Build.0 = Debug|Any CPU
		{C1928623-4A36-463F-A3D1-6055E5C4A293}.Debug|x64.ActiveCfg = Debug|Any CPU
		{C1928623-4A36-463F-A3D1-6055E5C4A293}.Debug|x64.Build.0 = Debug|Any CPU
		{C1928623-4A36-463F-A3D1-6055E5C4A293}.Debug|x86.ActiveCfg = Debug|Any CPU
		{C1928623-4A36-463F-A3D1-6055E5C4A293}.Debug|x86.Build.0 = Debug|Any CPU
		{C1928623-4A36-463F-A3D1-6055E5C4A293}.Release|Any CPU.ActiveCfg = Release|Any CPU
		{C1928623-4A36-463F-A3D1-6055E5C4A293}.Release|Any CPU.Build.0 = Release|Any CPU
		{C1928623-4A36-463F-A3D1-6055E5C4A293}.Release|ARM.ActiveCfg = Release|Any CPU
		{C1928623-4A36-463F-A3D1-6055E5C4A293}.Release|ARM.Build.0 = Release|Any CPU
		{C1928623-4A36-463F-A3D1-6055E5C4A293}.Release|ARM64.ActiveCfg = Release|Any CPU
		{C1928623-4A36-463F-A3D1-6055E5C4A293}.Release|ARM64.Build.0 = Release|Any CPU
		{C1928623-4A36-463F-A3D1-6055E5C4A293}.Release|x64.ActiveCfg = Release|Any CPU
		{C1928623-4A36-463F-A3D1-6055E5C4A293}.Release|x64.Build.0 = Release|Any CPU
		{C1928623-4A36-463F-A3D1-6055E5C4A293}.Release|x86.ActiveCfg = Release|Any CPU
		{C1928623-4A36-463F-A3D1-6055E5C4A293}.Release|x86.Build.0 = Release|Any CPU
		{05E609C5-B285-4286-B99D-BBBFC1A6CF92}.Debug|Any CPU.ActiveCfg = Debug|Any CPU
		{05E609C5-B285-4286-B99D-BBBFC1A6CF92}.Debug|Any CPU.Build.0 = Debug|Any CPU
		{05E609C5-B285-4286-B99D-BBBFC1A6CF92}.Debug|ARM.ActiveCfg = Debug|Any CPU
		{05E609C5-B285-4286-B99D-BBBFC1A6CF92}.Debug|ARM.Build.0 = Debug|Any CPU
		{05E609C5-B285-4286-B99D-BBBFC1A6CF92}.Debug|ARM64.ActiveCfg = Debug|Any CPU
		{05E609C5-B285-4286-B99D-BBBFC1A6CF92}.Debug|ARM64.Build.0 = Debug|Any CPU
		{05E609C5-B285-4286-B99D-BBBFC1A6CF92}.Debug|x64.ActiveCfg = Debug|Any CPU
		{05E609C5-B285-4286-B99D-BBBFC1A6CF92}.Debug|x64.Build.0 = Debug|Any CPU
		{05E609C5-B285-4286-B99D-BBBFC1A6CF92}.Debug|x86.ActiveCfg = Debug|Any CPU
		{05E609C5-B285-4286-B99D-BBBFC1A6CF92}.Debug|x86.Build.0 = Debug|Any CPU
		{05E609C5-B285-4286-B99D-BBBFC1A6CF92}.Release|Any CPU.ActiveCfg = Release|Any CPU
		{05E609C5-B285-4286-B99D-BBBFC1A6CF92}.Release|Any CPU.Build.0 = Release|Any CPU
		{05E609C5-B285-4286-B99D-BBBFC1A6CF92}.Release|ARM.ActiveCfg = Release|Any CPU
		{05E609C5-B285-4286-B99D-BBBFC1A6CF92}.Release|ARM.Build.0 = Release|Any CPU
		{05E609C5-B285-4286-B99D-BBBFC1A6CF92}.Release|ARM64.ActiveCfg = Release|Any CPU
		{05E609C5-B285-4286-B99D-BBBFC1A6CF92}.Release|ARM64.Build.0 = Release|Any CPU
		{05E609C5-B285-4286-B99D-BBBFC1A6CF92}.Release|x64.ActiveCfg = Release|Any CPU
		{05E609C5-B285-4286-B99D-BBBFC1A6CF92}.Release|x64.Build.0 = Release|Any CPU
		{05E609C5-B285-4286-B99D-BBBFC1A6CF92}.Release|x86.ActiveCfg = Release|Any CPU
		{05E609C5-B285-4286-B99D-BBBFC1A6CF92}.Release|x86.Build.0 = Release|Any CPU
		{DE813CEB-9CAD-4ED1-A922-6707F2E5A96D}.Debug|Any CPU.ActiveCfg = Debug|Any CPU
		{DE813CEB-9CAD-4ED1-A922-6707F2E5A96D}.Debug|Any CPU.Build.0 = Debug|Any CPU
		{DE813CEB-9CAD-4ED1-A922-6707F2E5A96D}.Debug|ARM.ActiveCfg = Debug|Any CPU
		{DE813CEB-9CAD-4ED1-A922-6707F2E5A96D}.Debug|ARM.Build.0 = Debug|Any CPU
		{DE813CEB-9CAD-4ED1-A922-6707F2E5A96D}.Debug|ARM64.ActiveCfg = Debug|Any CPU
		{DE813CEB-9CAD-4ED1-A922-6707F2E5A96D}.Debug|ARM64.Build.0 = Debug|Any CPU
		{DE813CEB-9CAD-4ED1-A922-6707F2E5A96D}.Debug|x64.ActiveCfg = Debug|Any CPU
		{DE813CEB-9CAD-4ED1-A922-6707F2E5A96D}.Debug|x64.Build.0 = Debug|Any CPU
		{DE813CEB-9CAD-4ED1-A922-6707F2E5A96D}.Debug|x86.ActiveCfg = Debug|Any CPU
		{DE813CEB-9CAD-4ED1-A922-6707F2E5A96D}.Debug|x86.Build.0 = Debug|Any CPU
		{DE813CEB-9CAD-4ED1-A922-6707F2E5A96D}.Release|Any CPU.ActiveCfg = Release|Any CPU
		{DE813CEB-9CAD-4ED1-A922-6707F2E5A96D}.Release|Any CPU.Build.0 = Release|Any CPU
		{DE813CEB-9CAD-4ED1-A922-6707F2E5A96D}.Release|ARM.ActiveCfg = Release|Any CPU
		{DE813CEB-9CAD-4ED1-A922-6707F2E5A96D}.Release|ARM.Build.0 = Release|Any CPU
		{DE813CEB-9CAD-4ED1-A922-6707F2E5A96D}.Release|ARM64.ActiveCfg = Release|Any CPU
		{DE813CEB-9CAD-4ED1-A922-6707F2E5A96D}.Release|ARM64.Build.0 = Release|Any CPU
		{DE813CEB-9CAD-4ED1-A922-6707F2E5A96D}.Release|x64.ActiveCfg = Release|Any CPU
		{DE813CEB-9CAD-4ED1-A922-6707F2E5A96D}.Release|x64.Build.0 = Release|Any CPU
		{DE813CEB-9CAD-4ED1-A922-6707F2E5A96D}.Release|x86.ActiveCfg = Release|Any CPU
		{DE813CEB-9CAD-4ED1-A922-6707F2E5A96D}.Release|x86.Build.0 = Release|Any CPU
		{218B6AE3-C3CF-4F42-A3C4-426E5D621D64}.Debug|Any CPU.ActiveCfg = Debug|Any CPU
		{218B6AE3-C3CF-4F42-A3C4-426E5D621D64}.Debug|Any CPU.Build.0 = Debug|Any CPU
		{218B6AE3-C3CF-4F42-A3C4-426E5D621D64}.Debug|ARM.ActiveCfg = Debug|Any CPU
		{218B6AE3-C3CF-4F42-A3C4-426E5D621D64}.Debug|ARM.Build.0 = Debug|Any CPU
		{218B6AE3-C3CF-4F42-A3C4-426E5D621D64}.Debug|ARM64.ActiveCfg = Debug|Any CPU
		{218B6AE3-C3CF-4F42-A3C4-426E5D621D64}.Debug|ARM64.Build.0 = Debug|Any CPU
		{218B6AE3-C3CF-4F42-A3C4-426E5D621D64}.Debug|x64.ActiveCfg = Debug|Any CPU
		{218B6AE3-C3CF-4F42-A3C4-426E5D621D64}.Debug|x64.Build.0 = Debug|Any CPU
		{218B6AE3-C3CF-4F42-A3C4-426E5D621D64}.Debug|x86.ActiveCfg = Debug|Any CPU
		{218B6AE3-C3CF-4F42-A3C4-426E5D621D64}.Debug|x86.Build.0 = Debug|Any CPU
		{218B6AE3-C3CF-4F42-A3C4-426E5D621D64}.Release|Any CPU.ActiveCfg = Release|Any CPU
		{218B6AE3-C3CF-4F42-A3C4-426E5D621D64}.Release|Any CPU.Build.0 = Release|Any CPU
		{218B6AE3-C3CF-4F42-A3C4-426E5D621D64}.Release|ARM.ActiveCfg = Release|Any CPU
		{218B6AE3-C3CF-4F42-A3C4-426E5D621D64}.Release|ARM.Build.0 = Release|Any CPU
		{218B6AE3-C3CF-4F42-A3C4-426E5D621D64}.Release|ARM64.ActiveCfg = Release|Any CPU
		{218B6AE3-C3CF-4F42-A3C4-426E5D621D64}.Release|ARM64.Build.0 = Release|Any CPU
		{218B6AE3-C3CF-4F42-A3C4-426E5D621D64}.Release|x64.ActiveCfg = Release|Any CPU
		{218B6AE3-C3CF-4F42-A3C4-426E5D621D64}.Release|x64.Build.0 = Release|Any CPU
		{218B6AE3-C3CF-4F42-A3C4-426E5D621D64}.Release|x86.ActiveCfg = Release|Any CPU
		{218B6AE3-C3CF-4F42-A3C4-426E5D621D64}.Release|x86.Build.0 = Release|Any CPU
		{CCF192E1-AFD4-4F90-9291-B6D34D051196}.Debug|Any CPU.ActiveCfg = Debug
		{CCF192E1-AFD4-4F90-9291-B6D34D051196}.Debug|ARM.ActiveCfg = Debug
		{CCF192E1-AFD4-4F90-9291-B6D34D051196}.Debug|ARM64.ActiveCfg = Debug
		{CCF192E1-AFD4-4F90-9291-B6D34D051196}.Debug|x64.ActiveCfg = Debug
		{CCF192E1-AFD4-4F90-9291-B6D34D051196}.Debug|x86.ActiveCfg = Debug
		{CCF192E1-AFD4-4F90-9291-B6D34D051196}.Release|Any CPU.ActiveCfg = Release
		{CCF192E1-AFD4-4F90-9291-B6D34D051196}.Release|ARM.ActiveCfg = Release
		{CCF192E1-AFD4-4F90-9291-B6D34D051196}.Release|ARM64.ActiveCfg = Release
		{CCF192E1-AFD4-4F90-9291-B6D34D051196}.Release|x64.ActiveCfg = Release
		{CCF192E1-AFD4-4F90-9291-B6D34D051196}.Release|x86.ActiveCfg = Release
	EndGlobalSection
	GlobalSection(SolutionProperties) = preSolution
		HideSolutionNode = FALSE
	EndGlobalSection
	GlobalSection(ExtensibilityGlobals) = postSolution
		SolutionGuid = {19A8FDC1-41A0-4379-BED2-4E4A84973ED7}
	EndGlobalSection
EndGlobal
